
Microsoft Visual Studio Solution File, Format Version 12.00
# Visual Studio Version 17
VisualStudioVersion = 17.5.33530.505
MinimumVisualStudioVersion = 10.0.40219.1
Project("{9A19103F-16F7-4668-BE54-9A1E7A4F7556}") = "SimpleGrpcCrudService", "SimpleGrpcCrudService\SimpleGrpcCrudService.csproj", "{2F53DC98-4874-4B38-9054-8ABC3A539091}"
EndProject
Project("{9A19103F-16F7-4668-BE54-9A1E7A4F7556}") = "SimpleGrpcCrudService.Core", "SimpleGrpcCrudService.Core\SimpleGrpcCrudService.Core.csproj", "{5FE6D74A-6765-4A8B-A910-73F85E01FFE5}"
EndProject
Project("{9A19103F-16F7-4668-BE54-9A1E7A4F7556}") = "SimpleCrudFrontend", "SimpleCrudFrontend\SimpleCrudFrontend.csproj", "{C69B3487-A603-48AF-83EC-D9F008F9C265}"
EndProject
Global
	GlobalSection(SolutionConfigurationPlatforms) = preSolution
		Debug|Any CPU = Debug|Any CPU
		Release|Any CPU = Release|Any CPU
	EndGlobalSection
	GlobalSection(ProjectConfigurationPlatforms) = postSolution
		{2F53DC98-4874-4B38-9054-8ABC3A539091}.Debug|Any CPU.ActiveCfg = Debug|Any CPU
		{2F53DC98-4874-4B38-9054-8ABC3A539091}.Debug|Any CPU.Build.0 = Debug|Any CPU
		{2F53DC98-4874-4B38-9054-8ABC3A539091}.Release|Any CPU.ActiveCfg = Release|Any CPU
		{2F53DC98-4874-4B38-9054-8ABC3A539091}.Release|Any CPU.Build.0 = Release|Any CPU
		{5FE6D74A-6765-4A8B-A910-73F85E01FFE5}.Debug|Any CPU.ActiveCfg = Debug|Any CPU
		{5FE6D74A-6765-4A8B-A910-73F85E01FFE5}.Debug|Any CPU.Build.0 = Debug|Any CPU
		{5FE6D74A-6765-4A8B-A910-73F85E01FFE5}.Release|Any CPU.ActiveCfg = Release|Any CPU
		{5FE6D74A-6765-4A8B-A910-73F85E01FFE5}.Release|Any CPU.Build.0 = Release|Any CPU
		{C69B3487-A603-48AF-83EC-D9F008F9C265}.Debug|Any CPU.ActiveCfg = Debug|Any CPU
		{C69B3487-A603-48AF-83EC-D9F008F9C265}.Debug|Any CPU.Build.0 = Debug|Any CPU
		{C69B3487-A603-48AF-83EC-D9F008F9C265}.Release|Any CPU.ActiveCfg = Release|Any CPU
		{C69B3487-A603-48AF-83EC-D9F008F9C265}.Release|Any CPU.Build.0 = Release|Any CPU
	EndGlobalSection
	GlobalSection(SolutionProperties) = preSolution
		HideSolutionNode = FALSE
	EndGlobalSection
	GlobalSection(ExtensibilityGlobals) = postSolution
		SolutionGuid = {809B90AD-4A91-497C-A869-66B4DF91EC2F}
	EndGlobalSection
EndGlobal
